<?xml version="1.0" encoding="utf-8"?>
<Project ToolsVersion="4.0" xmlns="http://schemas.microsoft.com/developer/msbuild/2003">
  <ItemGroup>
    <Filter Include="源文件">
      <UniqueIdentifier>{4FC737F1-C7A5-4376-A066-2A32D752A2FF}</UniqueIdentifier>
      <Extensions>cpp;c;cc;cxx;def;odl;idl;hpj;bat;asm;asmx</Extensions>
    </Filter>
    <Filter Include="头文件">
      <UniqueIdentifier>{93995380-89BD-4b04-88EB-625FBE52EBFB}</UniqueIdentifier>
      <Extensions>h;hpp;hxx;hm;inl;inc;xsd</Extensions>
    </Filter>
    <Filter Include="资源文件">
      <UniqueIdentifier>{67DA6AB6-F800-4c08-8B7A-83BB121AAD01}</UniqueIdentifier>
      <Extensions>rc;ico;cur;bmp;dlg;rc2;rct;bin;rgs;gif;jpg;jpeg;jpe;resx;tiff;tif;png;wav;mfcribbon-ms</Extensions>
    </Filter>
  </ItemGroup>
  <ItemGroup>
    <None Include="ReadMe.txt" />
    <None Include="UserImages.bmp">
      <Filter>资源文件</Filter>
    </None>
    <None Include="res\OgreMFC.rc2">
      <Filter>资源文件</Filter>
    </None>
    <None Include="res\OgreMFCDoc.ico">
      <Filter>资源文件</Filter>
    </None>
    <None Include="res\OgreMFC.ico">
      <Filter>资源文件</Filter>
    </None>
    <None Include="res\Toolbar.bmp">
      <Filter>资源文件</Filter>
    </None>
    <None Include="res\Toolbar256.bmp">
      <Filter>资源文件</Filter>
    </None>
  </ItemGroup>
  <ItemGroup>
    <ClInclude Include="OgreMFC.h">
      <Filter>头文件</Filter>
    </ClInclude>
    <ClInclude Include="stdafx.h">
      <Filter>头文件</Filter>
    </ClInclude>
    <ClInclude Include="targetver.h">
      <Filter>头文件</Filter>
    </ClInclude>
    <ClInclude Include="MainFrm.h">
      <Filter>头文件</Filter>
    </ClInclude>
    <ClInclude Include="OgreMFCDoc.h">
      <Filter>头文件</Filter>
    </ClInclude>
    <ClInclude Include="OgreMFCView.h">
      <Filter>头文件</Filter>
    </ClInclude>
    <ClInclude Include="Resource.h">
      <Filter>头文件</Filter>
    </ClInclude>
    <ClInclude Include="OgreControl.h">
      <Filter>头文件</Filter>
    </ClInclude>
    <ClInclude Include="MySplitter.h">
      <Filter>头文件</Filter>
    </ClInclude>
    <ClInclude Include="NewFrameListener.h">
      <Filter>头文件</Filter>
    </ClInclude>
    <ClInclude Include="OgrePart.h">
      <Filter>头文件</Filter>
    </ClInclude>
    <ClInclude Include="OgreData.h">
      <Filter>头文件</Filter>
    </ClInclude>
  </ItemGroup>
  <ItemGroup>
    <ClCompile Include="OgreMFC.cpp">
      <Filter>源文件</Filter>
    </ClCompile>
    <ClCompile Include="stdafx.cpp">
      <Filter>源文件</Filter>
    </ClCompile>
    <ClCompile Include="MainFrm.cpp">
      <Filter>源文件</Filter>
    </ClCompile>
    <ClCompile Include="OgreMFCDoc.cpp">
      <Filter>源文件</Filter>
    </ClCompile>
    <ClCompile Include="OgreMFCView.cpp">
      <Filter>源文件</Filter>
    </ClCompile>
    <ClCompile Include="OgreControl.cpp">
      <Filter>源文件</Filter>
    </ClCompile>
    <ClCompile Include="MySplitter.cpp">
      <Filter>源文件</Filter>
    </ClCompile>
    <ClCompile Include="NewFrameListener.cpp">
      <Filter>源文件</Filter>
    </ClCompile>
    <ClCompile Include="OgrePart.cpp">
      <Filter>源文件</Filter>
    </ClCompile>
    <ClCompile Include="OgreData.cpp">
      <Filter>源文件</Filter>
    </ClCompile>
  </ItemGroup>
  <ItemGroup>
    <ResourceCompile Include="OgreMFC.rc">
      <Filter>资源文件</Filter>
    </ResourceCompile>
  </ItemGroup>
</Project>